
Microsoft Visual Studio Solution File, Format Version 12.00
# Visual Studio 15
VisualStudioVersion = 15.0.26430.15
MinimumVisualStudioVersion = 10.0.40219.1
Project("{FAE04EC0-301F-11D3-BF4B-00C04F79EFBC}") = "SlideInfo.Test", "SlideInfo.Test\SlideInfo.Test.csproj", "{33CD56E4-8B60-47A3-9CE6-EDD42AE5D373}"
EndProject
Project("{FAE04EC0-301F-11D3-BF4B-00C04F79EFBC}") = "SlideInfo.Helpers", "SlideInfo.Helpers\SlideInfo.Helpers.csproj", "{A81BBEBE-993D-4E77-B9BC-02E1FE1A7692}"
EndProject
Project("{9A19103F-16F7-4668-BE54-9A1E7A4F7556}") = "SlideInfo.WebApp", "SlideInfo.WebApp\SlideInfo.WebApp.csproj", "{BA5ECAB9-3DFE-40ED-930C-A0806493774F}"
EndProject
Project("{FAE04EC0-301F-11D3-BF4B-00C04F79EFBC}") = "SlideInfo.Core", "SlideInfo.Core\SlideInfo.Core.csproj", "{17FEC451-11EF-4411-B007-0EF62864AB1E}"
EndProject
Project("{FAE04EC0-301F-11D3-BF4B-00C04F79EFBC}") = "SlideInfo.App", "SlideInfo.App\SlideInfo.App.csproj", "{D9B21A09-6833-4E81-BCA7-566D4049990C}"
EndProject
Global
	GlobalSection(SolutionConfigurationPlatforms) = preSolution
		Debug|Any CPU = Debug|Any CPU
		Debug|x64 = Debug|x64
		Debug|x86 = Debug|x86
		Release|Any CPU = Release|Any CPU
		Release|x64 = Release|x64
		Release|x86 = Release|x86
	EndGlobalSection
	GlobalSection(ProjectConfigurationPlatforms) = postSolution
		{33CD56E4-8B60-47A3-9CE6-EDD42AE5D373}.Debug|Any CPU.ActiveCfg = Debug|Any CPU
		{33CD56E4-8B60-47A3-9CE6-EDD42AE5D373}.Debug|Any CPU.Build.0 = Debug|Any CPU
		{33CD56E4-8B60-47A3-9CE6-EDD42AE5D373}.Debug|x64.ActiveCfg = Debug|x64
		{33CD56E4-8B60-47A3-9CE6-EDD42AE5D373}.Debug|x64.Build.0 = Debug|x64
		{33CD56E4-8B60-47A3-9CE6-EDD42AE5D373}.Debug|x86.ActiveCfg = Debug|x86
		{33CD56E4-8B60-47A3-9CE6-EDD42AE5D373}.Debug|x86.Build.0 = Debug|x86
		{33CD56E4-8B60-47A3-9CE6-EDD42AE5D373}.Release|Any CPU.ActiveCfg = Release|Any CPU
		{33CD56E4-8B60-47A3-9CE6-EDD42AE5D373}.Release|Any CPU.Build.0 = Release|Any CPU
		{33CD56E4-8B60-47A3-9CE6-EDD42AE5D373}.Release|x64.ActiveCfg = Release|x64
		{33CD56E4-8B60-47A3-9CE6-EDD42AE5D373}.Release|x64.Build.0 = Release|x64
		{33CD56E4-8B60-47A3-9CE6-EDD42AE5D373}.Release|x86.ActiveCfg = Release|x86
		{33CD56E4-8B60-47A3-9CE6-EDD42AE5D373}.Release|x86.Build.0 = Release|x86
		{A81BBEBE-993D-4E77-B9BC-02E1FE1A7692}.Debug|Any CPU.ActiveCfg = Debug|Any CPU
		{A81BBEBE-993D-4E77-B9BC-02E1FE1A7692}.Debug|Any CPU.Build.0 = Debug|Any CPU
		{A81BBEBE-993D-4E77-B9BC-02E1FE1A7692}.Debug|x64.ActiveCfg = Debug|x64
		{A81BBEBE-993D-4E77-B9BC-02E1FE1A7692}.Debug|x64.Build.0 = Debug|x64
		{A81BBEBE-993D-4E77-B9BC-02E1FE1A7692}.Debug|x86.ActiveCfg = Debug|x86
		{A81BBEBE-993D-4E77-B9BC-02E1FE1A7692}.Debug|x86.Build.0 = Debug|x86
		{A81BBEBE-993D-4E77-B9BC-02E1FE1A7692}.Release|Any CPU.ActiveCfg = Release|Any CPU
		{A81BBEBE-993D-4E77-B9BC-02E1FE1A7692}.Release|Any CPU.Build.0 = Release|Any CPU
		{A81BBEBE-993D-4E77-B9BC-02E1FE1A7692}.Release|x64.ActiveCfg = Release|x64
		{A81BBEBE-993D-4E77-B9BC-02E1FE1A7692}.Release|x64.Build.0 = Release|x64
		{A81BBEBE-993D-4E77-B9BC-02E1FE1A7692}.Release|x86.ActiveCfg = Release|x86
		{A81BBEBE-993D-4E77-B9BC-02E1FE1A7692}.Release|x86.Build.0 = Release|x86
		{BA5ECAB9-3DFE-40ED-930C-A0806493774F}.Debug|Any CPU.ActiveCfg = Debug|Any CPU
		{BA5ECAB9-3DFE-40ED-930C-A0806493774F}.Debug|Any CPU.Build.0 = Debug|Any CPU
		{BA5ECAB9-3DFE-40ED-930C-A0806493774F}.Debug|x64.ActiveCfg = Debug|x64
		{BA5ECAB9-3DFE-40ED-930C-A0806493774F}.Debug|x64.Build.0 = Debug|x64
		{BA5ECAB9-3DFE-40ED-930C-A0806493774F}.Debug|x86.ActiveCfg = Debug|x86
		{BA5ECAB9-3DFE-40ED-930C-A0806493774F}.Debug|x86.Build.0 = Debug|x86
		{BA5ECAB9-3DFE-40ED-930C-A0806493774F}.Release|Any CPU.ActiveCfg = Release|Any CPU
		{BA5ECAB9-3DFE-40ED-930C-A0806493774F}.Release|Any CPU.Build.0 = Release|Any CPU
		{BA5ECAB9-3DFE-40ED-930C-A0806493774F}.Release|x64.ActiveCfg = Release|x64
		{BA5ECAB9-3DFE-40ED-930C-A0806493774F}.Release|x64.Build.0 = Release|x64
		{BA5ECAB9-3DFE-40ED-930C-A0806493774F}.Release|x86.ActiveCfg = Release|x86
		{BA5ECAB9-3DFE-40ED-930C-A0806493774F}.Release|x86.Build.0 = Release|x86
		{17FEC451-11EF-4411-B007-0EF62864AB1E}.Debug|Any CPU.ActiveCfg = Debug|Any CPU
		{17FEC451-11EF-4411-B007-0EF62864AB1E}.Debug|Any CPU.Build.0 = Debug|Any CPU
		{17FEC451-11EF-4411-B007-0EF62864AB1E}.Debug|x64.ActiveCfg = Debug|x64
		{17FEC451-11EF-4411-B007-0EF62864AB1E}.Debug|x64.Build.0 = Debug|x64
		{17FEC451-11EF-4411-B007-0EF62864AB1E}.Debug|x86.ActiveCfg = Debug|x86
		{17FEC451-11EF-4411-B007-0EF62864AB1E}.Debug|x86.Build.0 = Debug|x86
		{17FEC451-11EF-4411-B007-0EF62864AB1E}.Release|Any CPU.ActiveCfg = Release|Any CPU
		{17FEC451-11EF-4411-B007-0EF62864AB1E}.Release|Any CPU.Build.0 = Release|Any CPU
		{17FEC451-11EF-4411-B007-0EF62864AB1E}.Release|x64.ActiveCfg = Release|x64
		{17FEC451-11EF-4411-B007-0EF62864AB1E}.Release|x64.Build.0 = Release|x64
		{17FEC451-11EF-4411-B007-0EF62864AB1E}.Release|x86.ActiveCfg = Release|x86
		{17FEC451-11EF-4411-B007-0EF62864AB1E}.Release|x86.Build.0 = Release|x86
		{D9B21A09-6833-4E81-BCA7-566D4049990C}.Debug|Any CPU.ActiveCfg = Debug|Any CPU
		{D9B21A09-6833-4E81-BCA7-566D4049990C}.Debug|Any CPU.Build.0 = Debug|Any CPU
		{D9B21A09-6833-4E81-BCA7-566D4049990C}.Debug|x64.ActiveCfg = Debug|Any CPU
		{D9B21A09-6833-4E81-BCA7-566D4049990C}.Debug|x64.Build.0 = Debug|Any CPU
		{D9B21A09-6833-4E81-BCA7-566D4049990C}.Debug|x86.ActiveCfg = Debug|Any CPU
		{D9B21A09-6833-4E81-BCA7-566D4049990C}.Debug|x86.Build.0 = Debug|Any CPU
		{D9B21A09-6833-4E81-BCA7-566D4049990C}.Release|Any CPU.ActiveCfg = Release|Any CPU
		{D9B21A09-6833-4E81-BCA7-566D4049990C}.Release|Any CPU.Build.0 = Release|Any CPU
		{D9B21A09-6833-4E81-BCA7-566D4049990C}.Release|x64.ActiveCfg = Release|Any CPU
		{D9B21A09-6833-4E81-BCA7-566D4049990C}.Release|x64.Build.0 = Release|Any CPU
		{D9B21A09-6833-4E81-BCA7-566D4049990C}.Release|x86.ActiveCfg = Release|Any CPU
		{D9B21A09-6833-4E81-BCA7-566D4049990C}.Release|x86.Build.0 = Release|Any CPU
	EndGlobalSection
	GlobalSection(SolutionProperties) = preSolution
		HideSolutionNode = FALSE
	EndGlobalSection
EndGlobal
